# This file is autogenerated, do not edit; changes may be undone by the next 'dep ensure'.


[[projects]]
  name = "github.com/alexandreStein/gods"
  packages = [
    "containers",
    "trees",
    "trees/btree",
    "utils"
  ]
  revision = "932b024ec989d1648611e33afd9f21d3a2009fb9"
  version = "v1.0.0"

[[projects]]
  name = "github.com/fatih/structs"
  packages = ["."]
  revision = "a720dfa8df582c51dee1b36feabb906bde1588bd"
  version = "v1.0"

[solve-meta]
  analyzer-name = "dep"
  analyzer-version = 1
  inputs-digest = "ef3e826dd5f3e5dd53bbd3a434f2a18f1582db58ec53b14caa6b69f83454a75d"
  solver-name = "gps-cdcl"
  solver-version = 1
